// !$*UTF8*$!
{
	archiveVersion = 1;
	classes = {
	};
	objectVersion = 56;
	objects = {

/* Begin PBXBuildFile section */
		1B01EBC82A3405DF003FBF48 /* AppDelegate.swift in Sources */ = {isa = PBXBuildFile; fileRef = 1B01EBC72A3405DF003FBF48 /* AppDelegate.swift */; };
		1B01EBCA2A3405DF003FBF48 /* ContentView.swift in Sources */ = {isa = PBXBuildFile; fileRef = 1B01EBC92A3405DF003FBF48 /* ContentView.swift */; };
		1B01EBCC2A3405DF003FBF48 /* Experience.rcproject in Sources */ = {isa = PBXBuildFile; fileRef = 1B01EBCB2A3405DF003FBF48 /* Experience.rcproject */; };
		1B01EBCE2A3405E1003FBF48 /* Assets.xcassets in Resources */ = {isa = PBXBuildFile; fileRef = 1B01EBCD2A3405E1003FBF48 /* Assets.xcassets */; };
		1B01EBD12A3405E1003FBF48 /* Preview Assets.xcassets in Resources */ = {isa = PBXBuildFile; fileRef = 1B01EBD02A3405E1003FBF48 /* Preview Assets.xcassets */; };
		1B01EBDB2A3405E2003FBF48 /* JarvisTests.swift in Sources */ = {isa = PBXBuildFile; fileRef = 1B01EBDA2A3405E2003FBF48 /* JarvisTests.swift */; };
		1B01EBE52A3405E2003FBF48 /* JarvisUITests.swift in Sources */ = {isa = PBXBuildFile; fileRef = 1B01EBE42A3405E2003FBF48 /* JarvisUITests.swift */; };
		1B01EBE72A3405E2003FBF48 /* JarvisUITestsLaunchTests.swift in Sources */ = {isa = PBXBuildFile; fileRef = 1B01EBE62A3405E2003FBF48 /* JarvisUITestsLaunchTests.swift */; };
		1B01EBFA2A365A54003FBF48 /* ObjectDetectProtocol.swift in Sources */ = {isa = PBXBuildFile; fileRef = 1B01EBF92A365A54003FBF48 /* ObjectDetectProtocol.swift */; };
		1B4F231D2A3A9EDA008A3F49 /* yolov8s.mlmodel in Sources */ = {isa = PBXBuildFile; fileRef = 1B4F231C2A3A9EDA008A3F49 /* yolov8s.mlmodel */; };
		1B89AF232A4A695F00C44F8D /* HighestConfidenceObservation.swift in Sources */ = {isa = PBXBuildFile; fileRef = 1B89AF222A4A695F00C44F8D /* HighestConfidenceObservation.swift */; };
		1B89AF252A4A72BC00C44F8D /* YoloObjectDetect.swift in Sources */ = {isa = PBXBuildFile; fileRef = 1B89AF242A4A72BC00C44F8D /* YoloObjectDetect.swift */; };
/* End PBXBuildFile section */

/* Begin PBXContainerItemProxy section */
		1B01EBD72A3405E2003FBF48 /* PBXContainerItemProxy */ = {
			isa = PBXContainerItemProxy;
			containerPortal = 1B01EBBC2A3405DF003FBF48 /* Project object */;
			proxyType = 1;
			remoteGlobalIDString = 1B01EBC32A3405DF003FBF48;
			remoteInfo = Jarvis;
		};
		1B01EBE12A3405E2003FBF48 /* PBXContainerItemProxy */ = {
			isa = PBXContainerItemProxy;
			containerPortal = 1B01EBBC2A3405DF003FBF48 /* Project object */;
			proxyType = 1;
			remoteGlobalIDString = 1B01EBC32A3405DF003FBF48;
			remoteInfo = Jarvis;
		};
/* End PBXContainerItemProxy section */

/* Begin PBXFileReference section */
		1B01EBC42A3405DF003FBF48 /* Jarvis.app */ = {isa = PBXFileReference; explicitFileType = wrapper.application; includeInIndex = 0; path = Jarvis.app; sourceTree = BUILT_PRODUCTS_DIR; };
		1B01EBC72A3405DF003FBF48 /* AppDelegate.swift */ = {isa = PBXFileReference; lastKnownFileType = sourcecode.swift; path = AppDelegate.swift; sourceTree = "<group>"; };
		1B01EBC92A3405DF003FBF48 /* ContentView.swift */ = {isa = PBXFileReference; lastKnownFileType = sourcecode.swift; path = ContentView.swift; sourceTree = "<group>"; };
		1B01EBCB2A3405DF003FBF48 /* Experience.rcproject */ = {isa = PBXFileReference; lastKnownFileType = file.rcproject; path = Experience.rcproject; sourceTree = "<group>"; };
		1B01EBCD2A3405E1003FBF48 /* Assets.xcassets */ = {isa = PBXFileReference; lastKnownFileType = folder.assetcatalog; path = Assets.xcassets; sourceTree = "<group>"; };
		1B01EBD02A3405E1003FBF48 /* Preview Assets.xcassets */ = {isa = PBXFileReference; lastKnownFileType = folder.assetcatalog; path = "Preview Assets.xcassets"; sourceTree = "<group>"; };
		1B01EBD62A3405E2003FBF48 /* JarvisTests.xctest */ = {isa = PBXFileReference; explicitFileType = wrapper.cfbundle; includeInIndex = 0; path = JarvisTests.xctest; sourceTree = BUILT_PRODUCTS_DIR; };
		1B01EBDA2A3405E2003FBF48 /* JarvisTests.swift */ = {isa = PBXFileReference; lastKnownFileType = sourcecode.swift; path = JarvisTests.swift; sourceTree = "<group>"; };
		1B01EBE02A3405E2003FBF48 /* JarvisUITests.xctest */ = {isa = PBXFileReference; explicitFileType = wrapper.cfbundle; includeInIndex = 0; path = JarvisUITests.xctest; sourceTree = BUILT_PRODUCTS_DIR; };
		1B01EBE42A3405E2003FBF48 /* JarvisUITests.swift */ = {isa = PBXFileReference; lastKnownFileType = sourcecode.swift; path = JarvisUITests.swift; sourceTree = "<group>"; };
		1B01EBE62A3405E2003FBF48 /* JarvisUITestsLaunchTests.swift */ = {isa = PBXFileReference; lastKnownFileType = sourcecode.swift; path = JarvisUITestsLaunchTests.swift; sourceTree = "<group>"; };
		1B01EBF92A365A54003FBF48 /* ObjectDetectProtocol.swift */ = {isa = PBXFileReference; lastKnownFileType = sourcecode.swift; path = ObjectDetectProtocol.swift; sourceTree = "<group>"; };
		1B4F231C2A3A9EDA008A3F49 /* yolov8s.mlmodel */ = {isa = PBXFileReference; lastKnownFileType = file.mlmodel; path = yolov8s.mlmodel; sourceTree = "<group>"; };
		1B89AF222A4A695F00C44F8D /* HighestConfidenceObservation.swift */ = {isa = PBXFileReference; lastKnownFileType = sourcecode.swift; path = HighestConfidenceObservation.swift; sourceTree = "<group>"; };
		1B89AF242A4A72BC00C44F8D /* YoloObjectDetect.swift */ = {isa = PBXFileReference; lastKnownFileType = sourcecode.swift; path = YoloObjectDetect.swift; sourceTree = "<group>"; };
/* End PBXFileReference section */

/* Begin PBXFrameworksBuildPhase section */
		1B01EBC12A3405DF003FBF48 /* Frameworks */ = {
			isa = PBXFrameworksBuildPhase;
			buildActionMask = 2147483647;
			files = (
			);
			runOnlyForDeploymentPostprocessing = 0;
		};
		1B01EBD32A3405E2003FBF48 /* Frameworks */ = {
			isa = PBXFrameworksBuildPhase;
			buildActionMask = 2147483647;
			files = (
			);
			runOnlyForDeploymentPostprocessing = 0;
		};
		1B01EBDD2A3405E2003FBF48 /* Frameworks */ = {
			isa = PBXFrameworksBuildPhase;
			buildActionMask = 2147483647;
			files = (
			);
			runOnlyForDeploymentPostprocessing = 0;
		};
/* End PBXFrameworksBuildPhase section */

/* Begin PBXGroup section */
		1B01EBBB2A3405DF003FBF48 = {
			isa = PBXGroup;
			children = (
				1B01EBC62A3405DF003FBF48 /* Jarvis */,
				1B01EBD92A3405E2003FBF48 /* JarvisTests */,
				1B01EBE32A3405E2003FBF48 /* JarvisUITests */,
				1B01EBC52A3405DF003FBF48 /* Products */,
			);
			sourceTree = "<group>";
		};
		1B01EBC52A3405DF003FBF48 /* Products */ = {
			isa = PBXGroup;
			children = (
				1B01EBC42A3405DF003FBF48 /* Jarvis.app */,
				1B01EBD62A3405E2003FBF48 /* JarvisTests.xctest */,
				1B01EBE02A3405E2003FBF48 /* JarvisUITests.xctest */,
			);
			name = Products;
			sourceTree = "<group>";
		};
		1B01EBC62A3405DF003FBF48 /* Jarvis */ = {
			isa = PBXGroup;
			children = (
				1B89AF222A4A695F00C44F8D /* HighestConfidenceObservation.swift */,
				1B4F231C2A3A9EDA008A3F49 /* yolov8s.mlmodel */,
				1B01EBC72A3405DF003FBF48 /* AppDelegate.swift */,
				1B01EBC92A3405DF003FBF48 /* ContentView.swift */,
				1B01EBCB2A3405DF003FBF48 /* Experience.rcproject */,
				1B01EBCD2A3405E1003FBF48 /* Assets.xcassets */,
				1B01EBCF2A3405E1003FBF48 /* Preview Content */,
				1B01EBF92A365A54003FBF48 /* ObjectDetectProtocol.swift */,
				1B89AF242A4A72BC00C44F8D /* YoloObjectDetect.swift */,
			);
			path = Jarvis;
			sourceTree = "<group>";
		};
		1B01EBCF2A3405E1003FBF48 /* Preview Content */ = {
			isa = PBXGroup;
			children = (
				1B01EBD02A3405E1003FBF48 /* Preview Assets.xcassets */,
			);
			path = "Preview Content";
			sourceTree = "<group>";
		};
		1B01EBD92A3405E2003FBF48 /* JarvisTests */ = {
			isa = PBXGroup;
			children = (
				1B01EBDA2A3405E2003FBF48 /* JarvisTests.swift */,
			);
			path = JarvisTests;
			sourceTree = "<group>";
		};
		1B01EBE32A3405E2003FBF48 /* JarvisUITests */ = {
			isa = PBXGroup;
			children = (
				1B01EBE42A3405E2003FBF48 /* JarvisUITests.swift */,
				1B01EBE62A3405E2003FBF48 /* JarvisUITestsLaunchTests.swift */,
			);
			path = JarvisUITests;
			sourceTree = "<group>";
		};
/* End PBXGroup section */

/* Begin PBXNativeTarget section */
		1B01EBC32A3405DF003FBF48 /* Jarvis */ = {
			isa = PBXNativeTarget;
			buildConfigurationList = 1B01EBEA2A3405E2003FBF48 /* Build configuration list for PBXNativeTarget "Jarvis" */;
			buildPhases = (
				1B01EBC02A3405DF003FBF48 /* Sources */,
				1B01EBC12A3405DF003FBF48 /* Frameworks */,
				1B01EBC22A3405DF003FBF48 /* Resources */,
			);
			buildRules = (
			);
			dependencies = (
			);
			name = Jarvis;
			productName = Jarvis;
			productReference = 1B01EBC42A3405DF003FBF48 /* Jarvis.app */;
			productType = "com.apple.product-type.application";
		};
		1B01EBD52A3405E2003FBF48 /* JarvisTests */ = {
			isa = PBXNativeTarget;
			buildConfigurationList = 1B01EBED2A3405E2003FBF48 /* Build configuration list for PBXNativeTarget "JarvisTests" */;
			buildPhases = (
				1B01EBD22A3405E2003FBF48 /* Sources */,
				1B01EBD32A3405E2003FBF48 /* Frameworks */,
				1B01EBD42A3405E2003FBF48 /* Resources */,
			);
			buildRules = (
			);
			dependencies = (
				1B01EBD82A3405E2003FBF48 /* PBXTargetDependency */,
			);
			name = JarvisTests;
			productName = JarvisTests;
			productReference = 1B01EBD62A3405E2003FBF48 /* JarvisTests.xctest */;
			productType = "com.apple.product-type.bundle.unit-test";
		};
		1B01EBDF2A3405E2003FBF48 /* JarvisUITests */ = {
			isa = PBXNativeTarget;
			buildConfigurationList = 1B01EBF02A3405E2003FBF48 /* Build configuration list for PBXNativeTarget "JarvisUITests" */;
			buildPhases = (
				1B01EBDC2A3405E2003FBF48 /* Sources */,
				1B01EBDD2A3405E2003FBF48 /* Frameworks */,
				1B01EBDE2A3405E2003FBF48 /* Resources */,
			);
			buildRules = (
			);
			dependencies = (
				1B01EBE22A3405E2003FBF48 /* PBXTargetDependency */,
			);
			name = JarvisUITests;
			productName = JarvisUITests;
			productReference = 1B01EBE02A3405E2003FBF48 /* JarvisUITests.xctest */;
			productType = "com.apple.product-type.bundle.ui-testing";
		};
/* End PBXNativeTarget section */

/* Begin PBXProject section */
		1B01EBBC2A3405DF003FBF48 /* Project object */ = {
			isa = PBXProject;
			attributes = {
				BuildIndependentTargetsInParallel = 1;
				LastSwiftUpdateCheck = 1430;
				LastUpgradeCheck = 1430;
				TargetAttributes = {
					1B01EBC32A3405DF003FBF48 = {
						CreatedOnToolsVersion = 14.3;
					};
					1B01EBD52A3405E2003FBF48 = {
						CreatedOnToolsVersion = 14.3;
						TestTargetID = 1B01EBC32A3405DF003FBF48;
					};
					1B01EBDF2A3405E2003FBF48 = {
						CreatedOnToolsVersion = 14.3;
						TestTargetID = 1B01EBC32A3405DF003FBF48;
					};
				};
			};
			buildConfigurationList = 1B01EBBF2A3405DF003FBF48 /* Build configuration list for PBXProject "Jarvis" */;
			compatibilityVersion = "Xcode 14.0";
			developmentRegion = en;
			hasScannedForEncodings = 0;
			knownRegions = (
				en,
				Base,
			);
			mainGroup = 1B01EBBB2A3405DF003FBF48;
			productRefGroup = 1B01EBC52A3405DF003FBF48 /* Products */;
			projectDirPath = "";
			projectRoot = "";
			targets = (
				1B01EBC32A3405DF003FBF48 /* Jarvis */,
				1B01EBD52A3405E2003FBF48 /* JarvisTests */,
				1B01EBDF2A3405E2003FBF48 /* JarvisUITests */,
			);
		};
/* End PBXProject section */

/* Begin PBXResourcesBuildPhase section */
		1B01EBC22A3405DF003FBF48 /* Resources */ = {
			isa = PBXResourcesBuildPhase;
			buildActionMask = 2147483647;
			files = (
				1B01EBD12A3405E1003FBF48 /* Preview Assets.xcassets in Resources */,
				1B01EBCE2A3405E1003FBF48 /* Assets.xcassets in Resources */,
			);
			runOnlyForDeploymentPostprocessing = 0;
		};
		1B01EBD42A3405E2003FBF48 /* Resources */ = {
			isa = PBXResourcesBuildPhase;
			buildActionMask = 2147483647;
			files = (
			);
			runOnlyForDeploymentPostprocessing = 0;
		};
		1B01EBDE2A3405E2003FBF48 /* Resources */ = {
			isa = PBXResourcesBuildPhase;
			buildActionMask = 2147483647;
			files = (
			);
			runOnlyForDeploymentPostprocessing = 0;
		};
/* End PBXResourcesBuildPhase section */

/* Begin PBXSourcesBuildPhase section */
		1B01EBC02A3405DF003FBF48 /* Sources */ = {
			isa = PBXSourcesBuildPhase;
			buildActionMask = 2147483647;
			files = (
				1B4F231D2A3A9EDA008A3F49 /* yolov8s.mlmodel in Sources */,
				1B01EBCA2A3405DF003FBF48 /* ContentView.swift in Sources */,
				1B89AF232A4A695F00C44F8D /* HighestConfidenceObservation.swift in Sources */,
				1B01EBC82A3405DF003FBF48 /* AppDelegate.swift in Sources */,
				1B01EBFA2A365A54003FBF48 /* ObjectDetectProtocol.swift in Sources */,
				1B01EBCC2A3405DF003FBF48 /* Experience.rcproject in Sources */,
				1B89AF252A4A72BC00C44F8D /* YoloObjectDetect.swift in Sources */,
			);
			runOnlyForDeploymentPostprocessing = 0;
		};
		1B01EBD22A3405E2003FBF48 /* Sources */ = {
			isa = PBXSourcesBuildPhase;
			buildActionMask = 2147483647;
			files = (
				1B01EBDB2A3405E2003FBF48 /* JarvisTests.swift in Sources */,
			);
			runOnlyForDeploymentPostprocessing = 0;
		};
		1B01EBDC2A3405E2003FBF48 /* Sources */ = {
			isa = PBXSourcesBuildPhase;
			buildActionMask = 2147483647;
			files = (
				1B01EBE52A3405E2003FBF48 /* JarvisUITests.swift in Sources */,
				1B01EBE72A3405E2003FBF48 /* JarvisUITestsLaunchTests.swift in Sources */,
			);
			runOnlyForDeploymentPostprocessing = 0;
		};
/* End PBXSourcesBuildPhase section */

/* Begin PBXTargetDependency section */
		1B01EBD82A3405E2003FBF48 /* PBXTargetDependency */ = {
			isa = PBXTargetDependency;
			target = 1B01EBC32A3405DF003FBF48 /* Jarvis */;
			targetProxy = 1B01EBD72A3405E2003FBF48 /* PBXContainerItemProxy */;
		};
		1B01EBE22A3405E2003FBF48 /* PBXTargetDependency */ = {
			isa = PBXTargetDependency;
			target = 1B01EBC32A3405DF003FBF48 /* Jarvis */;
			targetProxy = 1B01EBE12A3405E2003FBF48 /* PBXContainerItemProxy */;
		};
/* End PBXTargetDependency section */

/* Begin XCBuildConfiguration section */
		1B01EBE82A3405E2003FBF48 /* Debug */ = {
			isa = XCBuildConfiguration;
			buildSettings = {
				ALWAYS_SEARCH_USER_PATHS = NO;
				CLANG_ANALYZER_NONNULL = YES;
				CLANG_ANALYZER_NUMBER_OBJECT_CONVERSION = YES_AGGRESSIVE;
				CLANG_CXX_LANGUAGE_STANDARD = "gnu++20";
				CLANG_ENABLE_MODULES = YES;
				CLANG_ENABLE_OBJC_ARC = YES;
				CLANG_ENABLE_OBJC_WEAK = YES;
				CLANG_WARN_BLOCK_CAPTURE_AUTORELEASING = YES;
				CLANG_WARN_BOOL_CONVERSION = YES;
				CLANG_WARN_COMMA = YES;
				CLANG_WARN_CONSTANT_CONVERSION = YES;
				CLANG_WARN_DEPRECATED_OBJC_IMPLEMENTATIONS = YES;
				CLANG_WARN_DIRECT_OBJC_ISA_USAGE = YES_ERROR;
				CLANG_WARN_DOCUMENTATION_COMMENTS = YES;
				CLANG_WARN_EMPTY_BODY = YES;
				CLANG_WARN_ENUM_CONVERSION = YES;
				CLANG_WARN_INFINITE_RECURSION = YES;
				CLANG_WARN_INT_CONVERSION = YES;
				CLANG_WARN_NON_LITERAL_NULL_CONVERSION = YES;
				CLANG_WARN_OBJC_IMPLICIT_RETAIN_SELF = YES;
				CLANG_WARN_OBJC_LITERAL_CONVERSION = YES;
				CLANG_WARN_OBJC_ROOT_CLASS = YES_ERROR;
				CLANG_WARN_QUOTED_INCLUDE_IN_FRAMEWORK_HEADER = YES;
				CLANG_WARN_RANGE_LOOP_ANALYSIS = YES;
				CLANG_WARN_STRICT_PROTOTYPES = YES;
				CLANG_WARN_SUSPICIOUS_MOVE = YES;
				CLANG_WARN_UNGUARDED_AVAILABILITY = YES_AGGRESSIVE;
				CLANG_WARN_UNREACHABLE_CODE = YES;
				CLANG_WARN__DUPLICATE_METHOD_MATCH = YES;
				COPY_PHASE_STRIP = NO;
				DEBUG_INFORMATION_FORMAT = dwarf;
				ENABLE_STRICT_OBJC_MSGSEND = YES;
				ENABLE_TESTABILITY = YES;
				GCC_C_LANGUAGE_STANDARD = gnu11;
				GCC_DYNAMIC_NO_PIC = NO;
				GCC_NO_COMMON_BLOCKS = YES;
				GCC_OPTIMIZATION_LEVEL = 0;
				GCC_PREPROCESSOR_DEFINITIONS = (
					"DEBUG=1",
					"$(inherited)",
				);
				GCC_WARN_64_TO_32_BIT_CONVERSION = YES;
				GCC_WARN_ABOUT_RETURN_TYPE = YES_ERROR;
				GCC_WARN_UNDECLARED_SELECTOR = YES;
				GCC_WARN_UNINITIALIZED_AUTOS = YES_AGGRESSIVE;
				GCC_WARN_UNUSED_FUNCTION = YES;
				GCC_WARN_UNUSED_VARIABLE = YES;
				IPHONEOS_DEPLOYMENT_TARGET = 16.4;
				MTL_ENABLE_DEBUG_INFO = INCLUDE_SOURCE;
				MTL_FAST_MATH = YES;
				ONLY_ACTIVE_ARCH = YES;
				SDKROOT = iphoneos;
				SWIFT_ACTIVE_COMPILATION_CONDITIONS = DEBUG;
				SWIFT_OPTIMIZATION_LEVEL = "-Onone";
			};
			name = Debug;
		};
		1B01EBE92A3405E2003FBF48 /* Release */ = {
			isa = XCBuildConfiguration;
			buildSettings = {
				ALWAYS_SEARCH_USER_PATHS = NO;
				CLANG_ANALYZER_NONNULL = YES;
				CLANG_ANALYZER_NUMBER_OBJECT_CONVERSION = YES_AGGRESSIVE;
				CLANG_CXX_LANGUAGE_STANDARD = "gnu++20";
				CLANG_ENABLE_MODULES = YES;
				CLANG_ENABLE_OBJC_ARC = YES;
				CLANG_ENABLE_OBJC_WEAK = YES;
				CLANG_WARN_BLOCK_CAPTURE_AUTORELEASING = YES;
				CLANG_WARN_BOOL_CONVERSION = YES;
				CLANG_WARN_COMMA = YES;
				CLANG_WARN_CONSTANT_CONVERSION = YES;
				CLANG_WARN_DEPRECATED_OBJC_IMPLEMENTATIONS = YES;
				CLANG_WARN_DIRECT_OBJC_ISA_USAGE = YES_ERROR;
				CLANG_WARN_DOCUMENTATION_COMMENTS = YES;
				CLANG_WARN_EMPTY_BODY = YES;
				CLANG_WARN_ENUM_CONVERSION = YES;
				CLANG_WARN_INFINITE_RECURSION = YES;
				CLANG_WARN_INT_CONVERSION = YES;
				CLANG_WARN_NON_LITERAL_NULL_CONVERSION = YES;
				CLANG_WARN_OBJC_IMPLICIT_RETAIN_SELF = YES;
				CLANG_WARN_OBJC_LITERAL_CONVERSION = YES;
				CLANG_WARN_OBJC_ROOT_CLASS = YES_ERROR;
				CLANG_WARN_QUOTED_INCLUDE_IN_FRAMEWORK_HEADER = YES;
				CLANG_WARN_RANGE_LOOP_ANALYSIS = YES;
				CLANG_WARN_STRICT_PROTOTYPES = YES;
				CLANG_WARN_SUSPICIOUS_MOVE = YES;
				CLANG_WARN_UNGUARDED_AVAILABILITY = YES_AGGRESSIVE;
				CLANG_WARN_UNREACHABLE_CODE = YES;
				CLANG_WARN__DUPLICATE_METHOD_MATCH = YES;
				COPY_PHASE_STRIP = NO;
				DEBUG_INFORMATION_FORMAT = "dwarf-with-dsym";
				ENABLE_NS_ASSERTIONS = NO;
				ENABLE_STRICT_OBJC_MSGSEND = YES;
				GCC_C_LANGUAGE_STANDARD = gnu11;
				GCC_NO_COMMON_BLOCKS = YES;
				GCC_WARN_64_TO_32_BIT_CONVERSION = YES;
				GCC_WARN_ABOUT_RETURN_TYPE = YES_ERROR;
				GCC_WARN_UNDECLARED_SELECTOR = YES;
				GCC_WARN_UNINITIALIZED_AUTOS = YES_AGGRESSIVE;
				GCC_WARN_UNUSED_FUNCTION = YES;
				GCC_WARN_UNUSED_VARIABLE = YES;
				IPHONEOS_DEPLOYMENT_TARGET = 16.4;
				MTL_ENABLE_DEBUG_INFO = NO;
				MTL_FAST_MATH = YES;
				SDKROOT = iphoneos;
				SWIFT_COMPILATION_MODE = wholemodule;
				SWIFT_OPTIMIZATION_LEVEL = "-O";
				VALIDATE_PRODUCT = YES;
			};
			name = Release;
		};
		1B01EBEB2A3405E2003FBF48 /* Debug */ = {
			isa = XCBuildConfiguration;
			buildSettings = {
				ASSETCATALOG_COMPILER_APPICON_NAME = AppIcon;
				ASSETCATALOG_COMPILER_GLOBAL_ACCENT_COLOR_NAME = AccentColor;
				CODE_SIGN_STYLE = Automatic;
				CURRENT_PROJECT_VERSION = 1;
				DEVELOPMENT_ASSET_PATHS = "\"Jarvis/Preview Content\"";
				DEVELOPMENT_TEAM = Z2FJ56U489;
				ENABLE_PREVIEWS = YES;
				GENERATE_INFOPLIST_FILE = YES;
				INFOPLIST_KEY_NSCameraUsageDescription = "";
				INFOPLIST_KEY_UIApplicationSupportsIndirectInputEvents = YES;
				INFOPLIST_KEY_UILaunchScreen_Generation = YES;
				INFOPLIST_KEY_UIRequiredDeviceCapabilities = arkit;
				INFOPLIST_KEY_UIStatusBarHidden = YES;
				INFOPLIST_KEY_UISupportedInterfaceOrientations_iPad = "UIInterfaceOrientationPortrait UIInterfaceOrientationPortraitUpsideDown UIInterfaceOrientationLandscapeLeft UIInterfaceOrientationLandscapeRight";
				INFOPLIST_KEY_UISupportedInterfaceOrientations_iPhone = "UIInterfaceOrientationPortrait UIInterfaceOrientationLandscapeLeft UIInterfaceOrientationLandscapeRight";
				IPHONEOS_DEPLOYMENT_TARGET = 16.3;
				LD_RUNPATH_SEARCH_PATHS = (
					"$(inherited)",
					"@executable_path/Frameworks",
				);
				MARKETING_VERSION = 1.0;
				PRODUCT_BUNDLE_IDENTIFIER = com.rjanamsetty.jarvis;
				PRODUCT_NAME = "$(TARGET_NAME)";
				SUPPORTED_PLATFORMS = "iphoneos iphonesimulator";
				SUPPORTS_MACCATALYST = NO;
				SUPPORTS_MAC_DESIGNED_FOR_IPHONE_IPAD = NO;
				SWIFT_EMIT_LOC_STRINGS = YES;
				SWIFT_VERSION = 5.0;
				TARGETED_DEVICE_FAMILY = "1,2";
			};
			name = Debug;
		};
		1B01EBEC2A3405E2003FBF48 /* Release */ = {
			isa = XCBuildConfiguration;
			buildSettings = {
				ASSETCATALOG_COMPILER_APPICON_NAME = AppIcon;
				ASSETCATALOG_COMPILER_GLOBAL_ACCENT_COLOR_NAME = AccentColor;
				CODE_SIGN_STYLE = Automatic;
				CURRENT_PROJECT_VERSION = 1;
				DEVELOPMENT_ASSET_PATHS = "\"Jarvis/Preview Content\"";
				DEVELOPMENT_TEAM = Z2FJ56U489;
				ENABLE_PREVIEWS = YES;
				GENERATE_INFOPLIST_FILE = YES;
				INFOPLIST_KEY_NSCameraUsageDescription = "";
				INFOPLIST_KEY_UIApplicationSupportsIndirectInputEvents = YES;
				INFOPLIST_KEY_UILaunchScreen_Generation = YES;
				INFOPLIST_KEY_UIRequiredDeviceCapabilities = arkit;
				INFOPLIST_KEY_UIStatusBarHidden = YES;
				INFOPLIST_KEY_UISupportedInterfaceOrientations_iPad = "UIInterfaceOrientationPortrait UIInterfaceOrientationPortraitUpsideDown UIInterfaceOrientationLandscapeLeft UIInterfaceOrientationLandscapeRight";
				INFOPLIST_KEY_UISupportedInterfaceOrientations_iPhone = "UIInterfaceOrientationPortrait UIInterfaceOrientationLandscapeLeft UIInterfaceOrientationLandscapeRight";
				IPHONEOS_DEPLOYMENT_TARGET = 16.3;
				LD_RUNPATH_SEARCH_PATHS = (
					"$(inherited)",
					"@executable_path/Frameworks",
				);
				MARKETING_VERSION = 1.0;
				PRODUCT_BUNDLE_IDENTIFIER = com.rjanamsetty.jarvis;
				PRODUCT_NAME = "$(TARGET_NAME)";
				SUPPORTED_PLATFORMS = "iphoneos iphonesimulator";
				SUPPORTS_MACCATALYST = NO;
				SUPPORTS_MAC_DESIGNED_FOR_IPHONE_IPAD = NO;
				SWIFT_EMIT_LOC_STRINGS = YES;
				SWIFT_VERSION = 5.0;
				TARGETED_DEVICE_FAMILY = "1,2";
			};
			name = Release;
		};
		1B01EBEE2A3405E2003FBF48 /* Debug */ = {
			isa = XCBuildConfiguration;
			buildSettings = {
				ALWAYS_EMBED_SWIFT_STANDARD_LIBRARIES = YES;
				BUNDLE_LOADER = "$(TEST_HOST)";
				CODE_SIGN_STYLE = Automatic;
				CURRENT_PROJECT_VERSION = 1;
				DEVELOPMENT_TEAM = Z2FJ56U489;
				GENERATE_INFOPLIST_FILE = YES;
				IPHONEOS_DEPLOYMENT_TARGET = 16.4;
				MARKETING_VERSION = 1.0;
				PRODUCT_BUNDLE_IDENTIFIER = com.rjanamsetty.JarvisTests;
				PRODUCT_NAME = "$(TARGET_NAME)";
				SWIFT_EMIT_LOC_STRINGS = NO;
				SWIFT_VERSION = 5.0;
				TARGETED_DEVICE_FAMILY = "1,2";
				TEST_HOST = "$(BUILT_PRODUCTS_DIR)/Jarvis.app/$(BUNDLE_EXECUTABLE_FOLDER_PATH)/Jarvis";
			};
			name = Debug;
		};
		1B01EBEF2A3405E2003FBF48 /* Release */ = {
			isa = XCBuildConfiguration;
			buildSettings = {
				ALWAYS_EMBED_SWIFT_STANDARD_LIBRARIES = YES;
				BUNDLE_LOADER = "$(TEST_HOST)";
				CODE_SIGN_STYLE = Automatic;
				CURRENT_PROJECT_VERSION = 1;
				DEVELOPMENT_TEAM = Z2FJ56U489;
				GENERATE_INFOPLIST_FILE = YES;
				IPHONEOS_DEPLOYMENT_TARGET = 16.4;
				MARKETING_VERSION = 1.0;
				PRODUCT_BUNDLE_IDENTIFIER = com.rjanamsetty.JarvisTests;
				PRODUCT_NAME = "$(TARGET_NAME)";
				SWIFT_EMIT_LOC_STRINGS = NO;
				SWIFT_VERSION = 5.0;
				TARGETED_DEVICE_FAMILY = "1,2";
				TEST_HOST = "$(BUILT_PRODUCTS_DIR)/Jarvis.app/$(BUNDLE_EXECUTABLE_FOLDER_PATH)/Jarvis";
			};
			name = Release;
		};
		1B01EBF12A3405E2003FBF48 /* Debug */ = {
			isa = XCBuildConfiguration;
			buildSettings = {
				ALWAYS_EMBED_SWIFT_STANDARD_LIBRARIES = YES;
				CODE_SIGN_STYLE = Automatic;
				CURRENT_PROJECT_VERSION = 1;
				DEVELOPMENT_TEAM = Z2FJ56U489;
				GENERATE_INFOPLIST_FILE = YES;
				MARKETING_VERSION = 1.0;
				PRODUCT_BUNDLE_IDENTIFIER = com.rjanamsetty.JarvisUITests;
				PRODUCT_NAME = "$(TARGET_NAME)";
				SWIFT_EMIT_LOC_STRINGS = NO;
				SWIFT_VERSION = 5.0;
				TARGETED_DEVICE_FAMILY = "1,2";
				TEST_TARGET_NAME = Jarvis;
			};
			name = Debug;
		};
		1B01EBF22A3405E2003FBF48 /* Release */ = {
			isa = XCBuildConfiguration;
			buildSettings = {
				ALWAYS_EMBED_SWIFT_STANDARD_LIBRARIES = YES;
				CODE_SIGN_STYLE = Automatic;
				CURRENT_PROJECT_VERSION = 1;
				DEVELOPMENT_TEAM = Z2FJ56U489;
				GENERATE_INFOPLIST_FILE = YES;
				MARKETING_VERSION = 1.0;
				PRODUCT_BUNDLE_IDENTIFIER = com.rjanamsetty.JarvisUITests;
				PRODUCT_NAME = "$(TARGET_NAME)";
				SWIFT_EMIT_LOC_STRINGS = NO;
				SWIFT_VERSION = 5.0;
				TARGETED_DEVICE_FAMILY = "1,2";
				TEST_TARGET_NAME = Jarvis;
			};
			name = Release;
		};
/* End XCBuildConfiguration section */

/* Begin XCConfigurationList section */
		1B01EBBF2A3405DF003FBF48 /* Build configuration list for PBXProject "Jarvis" */ = {
			isa = XCConfigurationList;
			buildConfigurations = (
				1B01EBE82A3405E2003FBF48 /* Debug */,
				1B01EBE92A3405E2003FBF48 /* Release */,
			);
			defaultConfigurationIsVisible = 0;
			defaultConfigurationName = Release;
		};
		1B01EBEA2A3405E2003FBF48 /* Build configuration list for PBXNativeTarget "Jarvis" */ = {
			isa = XCConfigurationList;
			buildConfigurations = (
				1B01EBEB2A3405E2003FBF48 /* Debug */,
				1B01EBEC2A3405E2003FBF48 /* Release */,
			);
			defaultConfigurationIsVisible = 0;
			defaultConfigurationName = Release;
		};
		1B01EBED2A3405E2003FBF48 /* Build configuration list for PBXNativeTarget "JarvisTests" */ = {
			isa = XCConfigurationList;
			buildConfigurations = (
				1B01EBEE2A3405E2003FBF48 /* Debug */,
				1B01EBEF2A3405E2003FBF48 /* Release */,
			);
			defaultConfigurationIsVisible = 0;
			defaultConfigurationName = Release;
		};
		1B01EBF02A3405E2003FBF48 /* Build configuration list for PBXNativeTarget "JarvisUITests" */ = {
			isa = XCConfigurationList;
			buildConfigurations = (
				1B01EBF12A3405E2003FBF48 /* Debug */,
				1B01EBF22A3405E2003FBF48 /* Release */,
			);
			defaultConfigurationIsVisible = 0;
			defaultConfigurationName = Release;
		};
/* End XCConfigurationList section */
	};
	rootObject = 1B01EBBC2A3405DF003FBF48 /* Project object */;
}
